
Microsoft Visual Studio Solution File, Format Version 12.00
# Visual Studio 2013
VisualStudioVersion = 12.0.30723.0
MinimumVisualStudioVersion = 10.0.40219.1
Project("{2150E333-8FDC-42A3-9474-1A3956D46DE8}") = "Data", "Data", "{94D53FD5-F417-4233-BFB0-E8DDE102CE32}"
EndProject
Project("{2150E333-8FDC-42A3-9474-1A3956D46DE8}") = "Infrastructure", "Infrastructure", "{F44EB2B7-90C6-48DC-954E-D65439FB797D}"
EndProject
Project("{2150E333-8FDC-42A3-9474-1A3956D46DE8}") = "Web", "Web", "{D6912129-3050-48F9-85FB-60A544636AF5}"
EndProject
Project("{FAE04EC0-301F-11D3-BF4B-00C04F79EFBC}") = "DoggyBox.Web", "DoggyBox.Web\DoggyBox.Web.csproj", "{E6CC52DA-E148-4EA1-A64E-7EBEC623D721}"
EndProject
Project("{FAE04EC0-301F-11D3-BF4B-00C04F79EFBC}") = "DoggyBox.Model", "DoggyBox.Model\DoggyBox.Model.csproj", "{42271A5C-A0A4-4BA7-80D3-98938C408C15}"
EndProject
Project("{FAE04EC0-301F-11D3-BF4B-00C04F79EFBC}") = "DoggyBox.Data", "DoggyBox.Data\DoggyBox.Data.csproj", "{0DE4EAA9-BFD3-4BFC-9988-CC34095CB784}"
EndProject
Global
	GlobalSection(SolutionConfigurationPlatforms) = preSolution
		Debug|Any CPU = Debug|Any CPU
		Release|Any CPU = Release|Any CPU
	EndGlobalSection
	GlobalSection(ProjectConfigurationPlatforms) = postSolution
		{E6CC52DA-E148-4EA1-A64E-7EBEC623D721}.Debug|Any CPU.ActiveCfg = Debug|Any CPU
		{E6CC52DA-E148-4EA1-A64E-7EBEC623D721}.Debug|Any CPU.Build.0 = Debug|Any CPU
		{E6CC52DA-E148-4EA1-A64E-7EBEC623D721}.Release|Any CPU.ActiveCfg = Release|Any CPU
		{E6CC52DA-E148-4EA1-A64E-7EBEC623D721}.Release|Any CPU.Build.0 = Release|Any CPU
		{42271A5C-A0A4-4BA7-80D3-98938C408C15}.Debug|Any CPU.ActiveCfg = Debug|Any CPU
		{42271A5C-A0A4-4BA7-80D3-98938C408C15}.Debug|Any CPU.Build.0 = Debug|Any CPU
		{42271A5C-A0A4-4BA7-80D3-98938C408C15}.Release|Any CPU.ActiveCfg = Release|Any CPU
		{42271A5C-A0A4-4BA7-80D3-98938C408C15}.Release|Any CPU.Build.0 = Release|Any CPU
		{0DE4EAA9-BFD3-4BFC-9988-CC34095CB784}.Debug|Any CPU.ActiveCfg = Debug|Any CPU
		{0DE4EAA9-BFD3-4BFC-9988-CC34095CB784}.Debug|Any CPU.Build.0 = Debug|Any CPU
		{0DE4EAA9-BFD3-4BFC-9988-CC34095CB784}.Release|Any CPU.ActiveCfg = Release|Any CPU
		{0DE4EAA9-BFD3-4BFC-9988-CC34095CB784}.Release|Any CPU.Build.0 = Release|Any CPU
	EndGlobalSection
	GlobalSection(SolutionProperties) = preSolution
		HideSolutionNode = FALSE
	EndGlobalSection
	GlobalSection(NestedProjects) = preSolution
		{E6CC52DA-E148-4EA1-A64E-7EBEC623D721} = {D6912129-3050-48F9-85FB-60A544636AF5}
		{42271A5C-A0A4-4BA7-80D3-98938C408C15} = {94D53FD5-F417-4233-BFB0-E8DDE102CE32}
		{0DE4EAA9-BFD3-4BFC-9988-CC34095CB784} = {94D53FD5-F417-4233-BFB0-E8DDE102CE32}
	EndGlobalSection
EndGlobal
